{
  "requires": true,
  "lockfileVersion": 1,
  "dependencies": {
    "onesignal-cordova-plugin": {
      "version": "2.4.5",
      "resolved": "https://registry.npmjs.org/onesignal-cordova-plugin/-/onesignal-cordova-plugin-2.4.5.tgz",
      "integrity": "sha512-nbGDfDfnFXT14BrzxEU4r2cJSNRZjnhy6whNWqfHC4uN5vVPIl5ibnOD8ifaddOU5bWmlB2yw64qSBE8CB2n8Q=="
    }
  }
}
